// !$*UTF8*$!
{
	archiveVersion = 1;
	classes = {
	};
	objectVersion = 50;
	objects = {

/* Begin PBXBuildFile section */
		9EB26B1625D7E8F700D1E937 /* AppDelegate.swift in Sources */ = {isa = PBXBuildFile; fileRef = 9EB26B1525D7E8F700D1E937 /* AppDelegate.swift */; };
		9EB26B1825D7E8F700D1E937 /* SceneDelegate.swift in Sources */ = {isa = PBXBuildFile; fileRef = 9EB26B1725D7E8F700D1E937 /* SceneDelegate.swift */; };
		9EB26B1A25D7E8F700D1E937 /* ViewController.swift in Sources */ = {isa = PBXBuildFile; fileRef = 9EB26B1925D7E8F700D1E937 /* ViewController.swift */; };
		9EB26B1D25D7E8F700D1E937 /* Main.storyboard in Resources */ = {isa = PBXBuildFile; fileRef = 9EB26B1B25D7E8F700D1E937 /* Main.storyboard */; };
		9EB26B1F25D7E8FA00D1E937 /* Assets.xcassets in Resources */ = {isa = PBXBuildFile; fileRef = 9EB26B1E25D7E8FA00D1E937 /* Assets.xcassets */; };
		9EB26B2225D7E8FA00D1E937 /* LaunchScreen.storyboard in Resources */ = {isa = PBXBuildFile; fileRef = 9EB26B2025D7E8FA00D1E937 /* LaunchScreen.storyboard */; };
		9EB26B2D25D7E8FB00D1E937 /* PathTests.swift in Sources */ = {isa = PBXBuildFile; fileRef = 9EB26B2C25D7E8FB00D1E937 /* PathTests.swift */; };
		9EB26B3825D7E8FB00D1E937 /* PathUITests.swift in Sources */ = {isa = PBXBuildFile; fileRef = 9EB26B3725D7E8FB00D1E937 /* PathUITests.swift */; };
/* End PBXBuildFile section */

/* Begin PBXContainerItemProxy section */
		9EB26B2925D7E8FB00D1E937 /* PBXContainerItemProxy */ = {
			isa = PBXContainerItemProxy;
			containerPortal = 9EB26B0A25D7E8F700D1E937 /* Project object */;
			proxyType = 1;
			remoteGlobalIDString = 9EB26B1125D7E8F700D1E937;
			remoteInfo = Path;
		};
		9EB26B3425D7E8FB00D1E937 /* PBXContainerItemProxy */ = {
			isa = PBXContainerItemProxy;
			containerPortal = 9EB26B0A25D7E8F700D1E937 /* Project object */;
			proxyType = 1;
			remoteGlobalIDString = 9EB26B1125D7E8F700D1E937;
			remoteInfo = Path;
		};
/* End PBXContainerItemProxy section */

/* Begin PBXFileReference section */
		9EB26B1225D7E8F700D1E937 /* Path.app */ = {isa = PBXFileReference; explicitFileType = wrapper.application; includeInIndex = 0; path = Path.app; sourceTree = BUILT_PRODUCTS_DIR; };
		9EB26B1525D7E8F700D1E937 /* AppDelegate.swift */ = {isa = PBXFileReference; lastKnownFileType = sourcecode.swift; path = AppDelegate.swift; sourceTree = "<group>"; };
		9EB26B1725D7E8F700D1E937 /* SceneDelegate.swift */ = {isa = PBXFileReference; lastKnownFileType = sourcecode.swift; path = SceneDelegate.swift; sourceTree = "<group>"; };
		9EB26B1925D7E8F700D1E937 /* ViewController.swift */ = {isa = PBXFileReference; lastKnownFileType = sourcecode.swift; path = ViewController.swift; sourceTree = "<group>"; };
		9EB26B1C25D7E8F700D1E937 /* Base */ = {isa = PBXFileReference; lastKnownFileType = file.storyboard; name = Base; path = Base.lproj/Main.storyboard; sourceTree = "<group>"; };
		9EB26B1E25D7E8FA00D1E937 /* Assets.xcassets */ = {isa = PBXFileReference; lastKnownFileType = folder.assetcatalog; path = Assets.xcassets; sourceTree = "<group>"; };
		9EB26B2125D7E8FA00D1E937 /* Base */ = {isa = PBXFileReference; lastKnownFileType = file.storyboard; name = Base; path = Base.lproj/LaunchScreen.storyboard; sourceTree = "<group>"; };
		9EB26B2325D7E8FA00D1E937 /* Info.plist */ = {isa = PBXFileReference; lastKnownFileType = text.plist.xml; path = Info.plist; sourceTree = "<group>"; };
		9EB26B2825D7E8FB00D1E937 /* PathTests.xctest */ = {isa = PBXFileReference; explicitFileType = wrapper.cfbundle; includeInIndex = 0; path = PathTests.xctest; sourceTree = BUILT_PRODUCTS_DIR; };
		9EB26B2C25D7E8FB00D1E937 /* PathTests.swift */ = {isa = PBXFileReference; lastKnownFileType = sourcecode.swift; path = PathTests.swift; sourceTree = "<group>"; };
		9EB26B2E25D7E8FB00D1E937 /* Info.plist */ = {isa = PBXFileReference; lastKnownFileType = text.plist.xml; path = Info.plist; sourceTree = "<group>"; };
		9EB26B3325D7E8FB00D1E937 /* PathUITests.xctest */ = {isa = PBXFileReference; explicitFileType = wrapper.cfbundle; includeInIndex = 0; path = PathUITests.xctest; sourceTree = BUILT_PRODUCTS_DIR; };
		9EB26B3725D7E8FB00D1E937 /* PathUITests.swift */ = {isa = PBXFileReference; lastKnownFileType = sourcecode.swift; path = PathUITests.swift; sourceTree = "<group>"; };
		9EB26B3925D7E8FB00D1E937 /* Info.plist */ = {isa = PBXFileReference; lastKnownFileType = text.plist.xml; path = Info.plist; sourceTree = "<group>"; };
/* End PBXFileReference section */

/* Begin PBXFrameworksBuildPhase section */
		9EB26B0F25D7E8F700D1E937 /* Frameworks */ = {
			isa = PBXFrameworksBuildPhase;
			buildActionMask = 2147483647;
			files = (
			);
			runOnlyForDeploymentPostprocessing = 0;
		};
		9EB26B2525D7E8FB00D1E937 /* Frameworks */ = {
			isa = PBXFrameworksBuildPhase;
			buildActionMask = 2147483647;
			files = (
			);
			runOnlyForDeploymentPostprocessing = 0;
		};
		9EB26B3025D7E8FB00D1E937 /* Frameworks */ = {
			isa = PBXFrameworksBuildPhase;
			buildActionMask = 2147483647;
			files = (
			);
			runOnlyForDeploymentPostprocessing = 0;
		};
/* End PBXFrameworksBuildPhase section */

/* Begin PBXGroup section */
		9EB26B0925D7E8F700D1E937 = {
			isa = PBXGroup;
			children = (
				9EB26B1425D7E8F700D1E937 /* Path */,
				9EB26B2B25D7E8FB00D1E937 /* PathTests */,
				9EB26B3625D7E8FB00D1E937 /* PathUITests */,
				9EB26B1325D7E8F700D1E937 /* Products */,
			);
			sourceTree = "<group>";
		};
		9EB26B1325D7E8F700D1E937 /* Products */ = {
			isa = PBXGroup;
			children = (
				9EB26B1225D7E8F700D1E937 /* Path.app */,
				9EB26B2825D7E8FB00D1E937 /* PathTests.xctest */,
				9EB26B3325D7E8FB00D1E937 /* PathUITests.xctest */,
			);
			name = Products;
			sourceTree = "<group>";
		};
		9EB26B1425D7E8F700D1E937 /* Path */ = {
			isa = PBXGroup;
			children = (
				9EB26B1525D7E8F700D1E937 /* AppDelegate.swift */,
				9EB26B1725D7E8F700D1E937 /* SceneDelegate.swift */,
				9EB26B1925D7E8F700D1E937 /* ViewController.swift */,
				9EB26B1B25D7E8F700D1E937 /* Main.storyboard */,
				9EB26B1E25D7E8FA00D1E937 /* Assets.xcassets */,
				9EB26B2025D7E8FA00D1E937 /* LaunchScreen.storyboard */,
				9EB26B2325D7E8FA00D1E937 /* Info.plist */,
			);
			path = Path;
			sourceTree = "<group>";
		};
		9EB26B2B25D7E8FB00D1E937 /* PathTests */ = {
			isa = PBXGroup;
			children = (
				9EB26B2C25D7E8FB00D1E937 /* PathTests.swift */,
				9EB26B2E25D7E8FB00D1E937 /* Info.plist */,
			);
			path = PathTests;
			sourceTree = "<group>";
		};
		9EB26B3625D7E8FB00D1E937 /* PathUITests */ = {
			isa = PBXGroup;
			children = (
				9EB26B3725D7E8FB00D1E937 /* PathUITests.swift */,
				9EB26B3925D7E8FB00D1E937 /* Info.plist */,
			);
			path = PathUITests;
			sourceTree = "<group>";
		};
/* End PBXGroup section */

/* Begin PBXNativeTarget section */
		9EB26B1125D7E8F700D1E937 /* Path */ = {
			isa = PBXNativeTarget;
			buildConfigurationList = 9EB26B3C25D7E8FB00D1E937 /* Build configuration list for PBXNativeTarget "Path" */;
			buildPhases = (
				9EB26B0E25D7E8F700D1E937 /* Sources */,
				9EB26B0F25D7E8F700D1E937 /* Frameworks */,
				9EB26B1025D7E8F700D1E937 /* Resources */,
			);
			buildRules = (
			);
			dependencies = (
			);
			name = Path;
			productName = Path;
			productReference = 9EB26B1225D7E8F700D1E937 /* Path.app */;
			productType = "com.apple.product-type.application";
		};
		9EB26B2725D7E8FB00D1E937 /* PathTests */ = {
			isa = PBXNativeTarget;
			buildConfigurationList = 9EB26B3F25D7E8FB00D1E937 /* Build configuration list for PBXNativeTarget "PathTests" */;
			buildPhases = (
				9EB26B2425D7E8FB00D1E937 /* Sources */,
				9EB26B2525D7E8FB00D1E937 /* Frameworks */,
				9EB26B2625D7E8FB00D1E937 /* Resources */,
			);
			buildRules = (
			);
			dependencies = (
				9EB26B2A25D7E8FB00D1E937 /* PBXTargetDependency */,
			);
			name = PathTests;
			productName = PathTests;
			productReference = 9EB26B2825D7E8FB00D1E937 /* PathTests.xctest */;
			productType = "com.apple.product-type.bundle.unit-test";
		};
		9EB26B3225D7E8FB00D1E937 /* PathUITests */ = {
			isa = PBXNativeTarget;
			buildConfigurationList = 9EB26B4225D7E8FB00D1E937 /* Build configuration list for PBXNativeTarget "PathUITests" */;
			buildPhases = (
				9EB26B2F25D7E8FB00D1E937 /* Sources */,
				9EB26B3025D7E8FB00D1E937 /* Frameworks */,
				9EB26B3125D7E8FB00D1E937 /* Resources */,
			);
			buildRules = (
			);
			dependencies = (
				9EB26B3525D7E8FB00D1E937 /* PBXTargetDependency */,
			);
			name = PathUITests;
			productName = PathUITests;
			productReference = 9EB26B3325D7E8FB00D1E937 /* PathUITests.xctest */;
			productType = "com.apple.product-type.bundle.ui-testing";
		};
/* End PBXNativeTarget section */

/* Begin PBXProject section */
		9EB26B0A25D7E8F700D1E937 /* Project object */ = {
			isa = PBXProject;
			attributes = {
				LastSwiftUpdateCheck = 1240;
				LastUpgradeCheck = 1240;
				TargetAttributes = {
					9EB26B1125D7E8F700D1E937 = {
						CreatedOnToolsVersion = 12.4;
					};
					9EB26B2725D7E8FB00D1E937 = {
						CreatedOnToolsVersion = 12.4;
						TestTargetID = 9EB26B1125D7E8F700D1E937;
					};
					9EB26B3225D7E8FB00D1E937 = {
						CreatedOnToolsVersion = 12.4;
						TestTargetID = 9EB26B1125D7E8F700D1E937;
					};
				};
			};
			buildConfigurationList = 9EB26B0D25D7E8F700D1E937 /* Build configuration list for PBXProject "Path" */;
			compatibilityVersion = "Xcode 9.3";
			developmentRegion = en;
			hasScannedForEncodings = 0;
			knownRegions = (
				en,
				Base,
			);
			mainGroup = 9EB26B0925D7E8F700D1E937;
			productRefGroup = 9EB26B1325D7E8F700D1E937 /* Products */;
			projectDirPath = "";
			projectRoot = "";
			targets = (
				9EB26B1125D7E8F700D1E937 /* Path */,
				9EB26B2725D7E8FB00D1E937 /* PathTests */,
				9EB26B3225D7E8FB00D1E937 /* PathUITests */,
			);
		};
/* End PBXProject section */

/* Begin PBXResourcesBuildPhase section */
		9EB26B1025D7E8F700D1E937 /* Resources */ = {
			isa = PBXResourcesBuildPhase;
			buildActionMask = 2147483647;
			files = (
				9EB26B2225D7E8FA00D1E937 /* LaunchScreen.storyboard in Resources */,
				9EB26B1F25D7E8FA00D1E937 /* Assets.xcassets in Resources */,
				9EB26B1D25D7E8F700D1E937 /* Main.storyboard in Resources */,
			);
			runOnlyForDeploymentPostprocessing = 0;
		};
		9EB26B2625D7E8FB00D1E937 /* Resources */ = {
			isa = PBXResourcesBuildPhase;
			buildActionMask = 2147483647;
			files = (
			);
			runOnlyForDeploymentPostprocessing = 0;
		};
		9EB26B3125D7E8FB00D1E937 /* Resources */ = {
			isa = PBXResourcesBuildPhase;
			buildActionMask = 2147483647;
			files = (
			);
			runOnlyForDeploymentPostprocessing = 0;
		};
/* End PBXResourcesBuildPhase section */

/* Begin PBXSourcesBuildPhase section */
		9EB26B0E25D7E8F700D1E937 /* Sources */ = {
			isa = PBXSourcesBuildPhase;
			buildActionMask = 2147483647;
			files = (
				9EB26B1A25D7E8F700D1E937 /* ViewController.swift in Sources */,
				9EB26B1625D7E8F700D1E937 /* AppDelegate.swift in Sources */,
				9EB26B1825D7E8F700D1E937 /* SceneDelegate.swift in Sources */,
			);
			runOnlyForDeploymentPostprocessing = 0;
		};
		9EB26B2425D7E8FB00D1E937 /* Sources */ = {
			isa = PBXSourcesBuildPhase;
			buildActionMask = 2147483647;
			files = (
				9EB26B2D25D7E8FB00D1E937 /* PathTests.swift in Sources */,
			);
			runOnlyForDeploymentPostprocessing = 0;
		};
		9EB26B2F25D7E8FB00D1E937 /* Sources */ = {
			isa = PBXSourcesBuildPhase;
			buildActionMask = 2147483647;
			files = (
				9EB26B3825D7E8FB00D1E937 /* PathUITests.swift in Sources */,
			);
			runOnlyForDeploymentPostprocessing = 0;
		};
/* End PBXSourcesBuildPhase section */

/* Begin PBXTargetDependency section */
		9EB26B2A25D7E8FB00D1E937 /* PBXTargetDependency */ = {
			isa = PBXTargetDependency;
			target = 9EB26B1125D7E8F700D1E937 /* Path */;
			targetProxy = 9EB26B2925D7E8FB00D1E937 /* PBXContainerItemProxy */;
		};
		9EB26B3525D7E8FB00D1E937 /* PBXTargetDependency */ = {
			isa = PBXTargetDependency;
			target = 9EB26B1125D7E8F700D1E937 /* Path */;
			targetProxy = 9EB26B3425D7E8FB00D1E937 /* PBXContainerItemProxy */;
		};
/* End PBXTargetDependency section */

/* Begin PBXVariantGroup section */
		9EB26B1B25D7E8F700D1E937 /* Main.storyboard */ = {
			isa = PBXVariantGroup;
			children = (
				9EB26B1C25D7E8F700D1E937 /* Base */,
			);
			name = Main.storyboard;
			sourceTree = "<group>";
		};
		9EB26B2025D7E8FA00D1E937 /* LaunchScreen.storyboard */ = {
			isa = PBXVariantGroup;
			children = (
				9EB26B2125D7E8FA00D1E937 /* Base */,
			);
			name = LaunchScreen.storyboard;
			sourceTree = "<group>";
		};
/* End PBXVariantGroup section */

/* Begin XCBuildConfiguration section */
		9EB26B3A25D7E8FB00D1E937 /* Debug */ = {
			isa = XCBuildConfiguration;
			buildSettings = {
				ALWAYS_SEARCH_USER_PATHS = NO;
				CLANG_ANALYZER_NONNULL = YES;
				CLANG_ANALYZER_NUMBER_OBJECT_CONVERSION = YES_AGGRESSIVE;
				CLANG_CXX_LANGUAGE_STANDARD = "gnu++14";
				CLANG_CXX_LIBRARY = "libc++";
				CLANG_ENABLE_MODULES = YES;
				CLANG_ENABLE_OBJC_ARC = YES;
				CLANG_ENABLE_OBJC_WEAK = YES;
				CLANG_WARN_BLOCK_CAPTURE_AUTORELEASING = YES;
				CLANG_WARN_BOOL_CONVERSION = YES;
				CLANG_WARN_COMMA = YES;
				CLANG_WARN_CONSTANT_CONVERSION = YES;
				CLANG_WARN_DEPRECATED_OBJC_IMPLEMENTATIONS = YES;
				CLANG_WARN_DIRECT_OBJC_ISA_USAGE = YES_ERROR;
				CLANG_WARN_DOCUMENTATION_COMMENTS = YES;
				CLANG_WARN_EMPTY_BODY = YES;
				CLANG_WARN_ENUM_CONVERSION = YES;
				CLANG_WARN_INFINITE_RECURSION = YES;
				CLANG_WARN_INT_CONVERSION = YES;
				CLANG_WARN_NON_LITERAL_NULL_CONVERSION = YES;
				CLANG_WARN_OBJC_IMPLICIT_RETAIN_SELF = YES;
				CLANG_WARN_OBJC_LITERAL_CONVERSION = YES;
				CLANG_WARN_OBJC_ROOT_CLASS = YES_ERROR;
				CLANG_WARN_QUOTED_INCLUDE_IN_FRAMEWORK_HEADER = YES;
				CLANG_WARN_RANGE_LOOP_ANALYSIS = YES;
				CLANG_WARN_STRICT_PROTOTYPES = YES;
				CLANG_WARN_SUSPICIOUS_MOVE = YES;
				CLANG_WARN_UNGUARDED_AVAILABILITY = YES_AGGRESSIVE;
				CLANG_WARN_UNREACHABLE_CODE = YES;
				CLANG_WARN__DUPLICATE_METHOD_MATCH = YES;
				COPY_PHASE_STRIP = NO;
				DEBUG_INFORMATION_FORMAT = dwarf;
				ENABLE_STRICT_OBJC_MSGSEND = YES;
				ENABLE_TESTABILITY = YES;
				GCC_C_LANGUAGE_STANDARD = gnu11;
				GCC_DYNAMIC_NO_PIC = NO;
				GCC_NO_COMMON_BLOCKS = YES;
				GCC_OPTIMIZATION_LEVEL = 0;
				GCC_PREPROCESSOR_DEFINITIONS = (
					"DEBUG=1",
					"$(inherited)",
				);
				GCC_WARN_64_TO_32_BIT_CONVERSION = YES;
				GCC_WARN_ABOUT_RETURN_TYPE = YES_ERROR;
				GCC_WARN_UNDECLARED_SELECTOR = YES;
				GCC_WARN_UNINITIALIZED_AUTOS = YES_AGGRESSIVE;
				GCC_WARN_UNUSED_FUNCTION = YES;
				GCC_WARN_UNUSED_VARIABLE = YES;
				IPHONEOS_DEPLOYMENT_TARGET = 14.4;
				MTL_ENABLE_DEBUG_INFO = INCLUDE_SOURCE;
				MTL_FAST_MATH = YES;
				ONLY_ACTIVE_ARCH = YES;
				SDKROOT = iphoneos;
				SWIFT_ACTIVE_COMPILATION_CONDITIONS = DEBUG;
				SWIFT_OPTIMIZATION_LEVEL = "-Onone";
			};
			name = Debug;
		};
		9EB26B3B25D7E8FB00D1E937 /* Release */ = {
			isa = XCBuildConfiguration;
			buildSettings = {
				ALWAYS_SEARCH_USER_PATHS = NO;
				CLANG_ANALYZER_NONNULL = YES;
				CLANG_ANALYZER_NUMBER_OBJECT_CONVERSION = YES_AGGRESSIVE;
				CLANG_CXX_LANGUAGE_STANDARD = "gnu++14";
				CLANG_CXX_LIBRARY = "libc++";
				CLANG_ENABLE_MODULES = YES;
				CLANG_ENABLE_OBJC_ARC = YES;
				CLANG_ENABLE_OBJC_WEAK = YES;
				CLANG_WARN_BLOCK_CAPTURE_AUTORELEASING = YES;
				CLANG_WARN_BOOL_CONVERSION = YES;
				CLANG_WARN_COMMA = YES;
				CLANG_WARN_CONSTANT_CONVERSION = YES;
				CLANG_WARN_DEPRECATED_OBJC_IMPLEMENTATIONS = YES;
				CLANG_WARN_DIRECT_OBJC_ISA_USAGE = YES_ERROR;
				CLANG_WARN_DOCUMENTATION_COMMENTS = YES;
				CLANG_WARN_EMPTY_BODY = YES;
				CLANG_WARN_ENUM_CONVERSION = YES;
				CLANG_WARN_INFINITE_RECURSION = YES;
				CLANG_WARN_INT_CONVERSION = YES;
				CLANG_WARN_NON_LITERAL_NULL_CONVERSION = YES;
				CLANG_WARN_OBJC_IMPLICIT_RETAIN_SELF = YES;
				CLANG_WARN_OBJC_LITERAL_CONVERSION = YES;
				CLANG_WARN_OBJC_ROOT_CLASS = YES_ERROR;
				CLANG_WARN_QUOTED_INCLUDE_IN_FRAMEWORK_HEADER = YES;
				CLANG_WARN_RANGE_LOOP_ANALYSIS = YES;
				CLANG_WARN_STRICT_PROTOTYPES = YES;
				CLANG_WARN_SUSPICIOUS_MOVE = YES;
				CLANG_WARN_UNGUARDED_AVAILABILITY = YES_AGGRESSIVE;
				CLANG_WARN_UNREACHABLE_CODE = YES;
				CLANG_WARN__DUPLICATE_METHOD_MATCH = YES;
				COPY_PHASE_STRIP = NO;
				DEBUG_INFORMATION_FORMAT = "dwarf-with-dsym";
				ENABLE_NS_ASSERTIONS = NO;
				ENABLE_STRICT_OBJC_MSGSEND = YES;
				GCC_C_LANGUAGE_STANDARD = gnu11;
				GCC_NO_COMMON_BLOCKS = YES;
				GCC_WARN_64_TO_32_BIT_CONVERSION = YES;
				GCC_WARN_ABOUT_RETURN_TYPE = YES_ERROR;
				GCC_WARN_UNDECLARED_SELECTOR = YES;
				GCC_WARN_UNINITIALIZED_AUTOS = YES_AGGRESSIVE;
				GCC_WARN_UNUSED_FUNCTION = YES;
				GCC_WARN_UNUSED_VARIABLE = YES;
				IPHONEOS_DEPLOYMENT_TARGET = 14.4;
				MTL_ENABLE_DEBUG_INFO = NO;
				MTL_FAST_MATH = YES;
				SDKROOT = iphoneos;
				SWIFT_COMPILATION_MODE = wholemodule;
				SWIFT_OPTIMIZATION_LEVEL = "-O";
				VALIDATE_PRODUCT = YES;
			};
			name = Release;
		};
		9EB26B3D25D7E8FB00D1E937 /* Debug */ = {
			isa = XCBuildConfiguration;
			buildSettings = {
				ASSETCATALOG_COMPILER_APPICON_NAME = AppIcon;
				ASSETCATALOG_COMPILER_GLOBAL_ACCENT_COLOR_NAME = AccentColor;
				CODE_SIGN_STYLE = Automatic;
				INFOPLIST_FILE = Path/Info.plist;
				LD_RUNPATH_SEARCH_PATHS = (
					"$(inherited)",
					"@executable_path/Frameworks",
				);
				PRODUCT_BUNDLE_IDENTIFIER = recruitment.Path;
				PRODUCT_NAME = "$(TARGET_NAME)";
				SWIFT_VERSION = 5.0;
				TARGETED_DEVICE_FAMILY = "1,2";
			};
			name = Debug;
		};
		9EB26B3E25D7E8FB00D1E937 /* Release */ = {
			isa = XCBuildConfiguration;
			buildSettings = {
				ASSETCATALOG_COMPILER_APPICON_NAME = AppIcon;
				ASSETCATALOG_COMPILER_GLOBAL_ACCENT_COLOR_NAME = AccentColor;
				CODE_SIGN_STYLE = Automatic;
				INFOPLIST_FILE = Path/Info.plist;
				LD_RUNPATH_SEARCH_PATHS = (
					"$(inherited)",
					"@executable_path/Frameworks",
				);
				PRODUCT_BUNDLE_IDENTIFIER = recruitment.Path;
				PRODUCT_NAME = "$(TARGET_NAME)";
				SWIFT_VERSION = 5.0;
				TARGETED_DEVICE_FAMILY = "1,2";
			};
			name = Release;
		};
		9EB26B4025D7E8FB00D1E937 /* Debug */ = {
			isa = XCBuildConfiguration;
			buildSettings = {
				ALWAYS_EMBED_SWIFT_STANDARD_LIBRARIES = YES;
				BUNDLE_LOADER = "$(TEST_HOST)";
				CODE_SIGN_STYLE = Automatic;
				INFOPLIST_FILE = PathTests/Info.plist;
				IPHONEOS_DEPLOYMENT_TARGET = 14.4;
				LD_RUNPATH_SEARCH_PATHS = (
					"$(inherited)",
					"@executable_path/Frameworks",
					"@loader_path/Frameworks",
				);
				PRODUCT_BUNDLE_IDENTIFIER = recruitment.PathTests;
				PRODUCT_NAME = "$(TARGET_NAME)";
				SWIFT_VERSION = 5.0;
				TARGETED_DEVICE_FAMILY = "1,2";
				TEST_HOST = "$(BUILT_PRODUCTS_DIR)/Path.app/Path";
			};
			name = Debug;
		};
		9EB26B4125D7E8FB00D1E937 /* Release */ = {
			isa = XCBuildConfiguration;
			buildSettings = {
				ALWAYS_EMBED_SWIFT_STANDARD_LIBRARIES = YES;
				BUNDLE_LOADER = "$(TEST_HOST)";
				CODE_SIGN_STYLE = Automatic;
				INFOPLIST_FILE = PathTests/Info.plist;
				IPHONEOS_DEPLOYMENT_TARGET = 14.4;
				LD_RUNPATH_SEARCH_PATHS = (
					"$(inherited)",
					"@executable_path/Frameworks",
					"@loader_path/Frameworks",
				);
				PRODUCT_BUNDLE_IDENTIFIER = recruitment.PathTests;
				PRODUCT_NAME = "$(TARGET_NAME)";
				SWIFT_VERSION = 5.0;
				TARGETED_DEVICE_FAMILY = "1,2";
				TEST_HOST = "$(BUILT_PRODUCTS_DIR)/Path.app/Path";
			};
			name = Release;
		};
		9EB26B4325D7E8FB00D1E937 /* Debug */ = {
			isa = XCBuildConfiguration;
			buildSettings = {
				ALWAYS_EMBED_SWIFT_STANDARD_LIBRARIES = YES;
				CODE_SIGN_STYLE = Automatic;
				INFOPLIST_FILE = PathUITests/Info.plist;
				LD_RUNPATH_SEARCH_PATHS = (
					"$(inherited)",
					"@executable_path/Frameworks",
					"@loader_path/Frameworks",
				);
				PRODUCT_BUNDLE_IDENTIFIER = recruitment.PathUITests;
				PRODUCT_NAME = "$(TARGET_NAME)";
				SWIFT_VERSION = 5.0;
				TARGETED_DEVICE_FAMILY = "1,2";
				TEST_TARGET_NAME = Path;
			};
			name = Debug;
		};
		9EB26B4425D7E8FB00D1E937 /* Release */ = {
			isa = XCBuildConfiguration;
			buildSettings = {
				ALWAYS_EMBED_SWIFT_STANDARD_LIBRARIES = YES;
				CODE_SIGN_STYLE = Automatic;
				INFOPLIST_FILE = PathUITests/Info.plist;
				LD_RUNPATH_SEARCH_PATHS = (
					"$(inherited)",
					"@executable_path/Frameworks",
					"@loader_path/Frameworks",
				);
				PRODUCT_BUNDLE_IDENTIFIER = recruitment.PathUITests;
				PRODUCT_NAME = "$(TARGET_NAME)";
				SWIFT_VERSION = 5.0;
				TARGETED_DEVICE_FAMILY = "1,2";
				TEST_TARGET_NAME = Path;
			};
			name = Release;
		};
/* End XCBuildConfiguration section */

/* Begin XCConfigurationList section */
		9EB26B0D25D7E8F700D1E937 /* Build configuration list for PBXProject "Path" */ = {
			isa = XCConfigurationList;
			buildConfigurations = (
				9EB26B3A25D7E8FB00D1E937 /* Debug */,
				9EB26B3B25D7E8FB00D1E937 /* Release */,
			);
			defaultConfigurationIsVisible = 0;
			defaultConfigurationName = Release;
		};
		9EB26B3C25D7E8FB00D1E937 /* Build configuration list for PBXNativeTarget "Path" */ = {
			isa = XCConfigurationList;
			buildConfigurations = (
				9EB26B3D25D7E8FB00D1E937 /* Debug */,
				9EB26B3E25D7E8FB00D1E937 /* Release */,
			);
			defaultConfigurationIsVisible = 0;
			defaultConfigurationName = Release;
		};
		9EB26B3F25D7E8FB00D1E937 /* Build configuration list for PBXNativeTarget "PathTests" */ = {
			isa = XCConfigurationList;
			buildConfigurations = (
				9EB26B4025D7E8FB00D1E937 /* Debug */,
				9EB26B4125D7E8FB00D1E937 /* Release */,
			);
			defaultConfigurationIsVisible = 0;
			defaultConfigurationName = Release;
		};
		9EB26B4225D7E8FB00D1E937 /* Build configuration list for PBXNativeTarget "PathUITests" */ = {
			isa = XCConfigurationList;
			buildConfigurations = (
				9EB26B4325D7E8FB00D1E937 /* Debug */,
				9EB26B4425D7E8FB00D1E937 /* Release */,
			);
			defaultConfigurationIsVisible = 0;
			defaultConfigurationName = Release;
		};
/* End XCConfigurationList section */
	};
	rootObject = 9EB26B0A25D7E8F700D1E937 /* Project object */;
}
